lockfileVersion: '9.0'

settings:
  autoInstallPeers: true
  excludeLinksFromLockfile: false

importers:

  .:
    dependencies:
      '@js-joda/core':
        specifier: 3.2.0
        version: 3.2.0
    devDependencies:
      astronomy-engine:
        specifier: ^2.1.19
        version: 2.1.19
      html-alchemist:
        specifier: ^3.2.2
        version: 3.2.2
      shadow-cljs:
        specifier: ^3.3.6
        version: 3.3.6

packages:

  '@js-joda/core@3.2.0':
    resolution: {integrity: sha512-PMqgJ0sw5B7FKb2d5bWYIoxjri+QlW/Pys7+Rw82jSH0QN3rB05jZ/VrrsUdh1w4+i2kw9JOejXGq/KhDOX7Kg==}

  astronomy-engine@2.1.19:
    resolution: {integrity: sha512-8yWKNf7UeNbH458h3sAJ6ZgAjE5jTXp/mNNRFoC20j2SHwZIjAQeEsBB2Q3uCFRaTCCJRv33K2XhkhZQMXoX6w==}

  base64-js@1.5.1:
    resolution: {integrity: sha512-AKpaYlHn8t4SVbOHCy+b5+KKgvR4vrsD8vbvrbiQJps7fKDTkjkDry6ji0rUJjC0kzbNePLwzxq8iypo41qeWA==}

  buffer-from@1.1.2:
    resolution: {integrity: sha512-E+XQCRwSbaaiChtv6k6Dwgc+bx+Bs6vuKJHHl5kox/BaKbhiXzqQOwK4cO22yElGp2OCmjwVhT3HmxgyPGnJfQ==}

  buffer@6.0.3:
    resolution: {integrity: sha512-FTiCpNxtwiZZHEZbcbTIcZjERVICn9yq/pDFkTl95/AxzD1naBctN7YO68riM/gLSDY7sdrMby8hofADYuuqOA==}

  html-alchemist@3.2.2:
    resolution: {integrity: sha512-hGQ5JyiFf61IotMisvZzHJ9hCDpfnXrfG+Tn3JVpxsB0rQYV0nB6qMx/NjoRRbD2O5rgciD5CNTgROvXlpQUtQ==}

  ieee754@1.2.1:
    resolution: {integrity: sha512-dcyqhDvX1C46lXZcVqCpK+FtMRQVdIMN6/Df5js2zouUsqG7I6sFxitIC+7KYK29KdXOLHdu9zL4sFnoVQnqaA==}

  isexe@3.1.5:
    resolution: {integrity: sha512-6B3tLtFqtQS4ekarvLVMZ+X+VlvQekbe4taUkf/rhVO3d/h0M2rfARm/pXLcPEsjjMsFgrFgSrhQIxcSVrBz8w==}
    engines: {node: '>=18'}

  process@0.11.10:
    resolution: {integrity: sha512-cdGef/drWFoydD1JsMzuFf8100nZl+GT+yacc2bEced5f9Rjk4z+WtFUTBu9PhOi9j/jfmBPu0mMEY4wIdAF8A==}
    engines: {node: '>= 0.6.0'}

  readline-sync@1.4.10:
    resolution: {integrity: sha512-gNva8/6UAe8QYepIQH/jQ2qn91Qj0B9sYjMBBs3QOB8F2CXcKgLxQaJRP76sWVRQt+QU+8fAkCbCvjjMFu7Ycw==}
    engines: {node: '>= 0.8.0'}

  shadow-cljs-jar@1.3.4:
    resolution: {integrity: sha512-cZB2pzVXBnhpJ6PQdsjO+j/MksR28mv4QD/hP/2y1fsIa9Z9RutYgh3N34FZ8Ktl4puAXaIGlct+gMCJ5BmwmA==}

  shadow-cljs@3.3.6:
    resolution: {integrity: sha512-t5TBJmy77abwlkAY7UOXa1s9H/28nTHeDVckgzEVS8ONYtDvbNCHEuBYfS7wwV9wVZVybRNb7dILWNXISJL1Nw==}
    engines: {node: '>=6.0.0'}
    hasBin: true

  source-map-support@0.5.21:
    resolution: {integrity: sha512-uBHU3L3czsIyYXKX88fdrGovxdSCoTGDRZ6SYXtSRxLZUzHg5P/66Ht6uoUlHu9EZod+inXhKo3qQgwXUT/y1w==}

  source-map@0.6.1:
    resolution: {integrity: sha512-UjgapumWlbMhkBgzT7Ykc5YXUT46F0iKu8SGXq0bcwP5dz/h0Plj6enJqjz1Zbq2l5WaqYnrVbwWOWMyF3F47g==}
    engines: {node: '>=0.10.0'}

  which@5.0.0:
    resolution: {integrity: sha512-JEdGzHwwkrbWoGOlIHqQ5gtprKGOenpDHpxE9zVR1bWbOtYRyPPHMe9FaP6x61CmNaTThSkb0DAJte5jD+DmzQ==}
    engines: {node: ^18.17.0 || >=20.5.0}
    hasBin: true

  ws@8.19.0:
    resolution: {integrity: sha512-blAT2mjOEIi0ZzruJfIhb3nps74PRWTCz1IjglWEEpQl5XS/UNama6u2/rjFkDDouqr4L67ry+1aGIALViWjDg==}
    engines: {node: '>=10.0.0'}
    peerDependencies:
      bufferutil: ^4.0.1
      utf-8-validate: '>=5.0.2'
    peerDependenciesMeta:
      bufferutil:
        optional: true
      utf-8-validate:
        optional: true

snapshots:

  '@js-joda/core@3.2.0': {}

  astronomy-engine@2.1.19: {}

  base64-js@1.5.1: {}

  buffer-from@1.1.2: {}

  buffer@6.0.3:
    dependencies:
      base64-js: 1.5.1
      ieee754: 1.2.1

  html-alchemist@3.2.2: {}

  ieee754@1.2.1: {}

  isexe@3.1.5: {}

  process@0.11.10: {}

  readline-sync@1.4.10: {}

  shadow-cljs-jar@1.3.4: {}

  shadow-cljs@3.3.6:
    dependencies:
      buffer: 6.0.3
      process: 0.11.10
      readline-sync: 1.4.10
      shadow-cljs-jar: 1.3.4
      source-map-support: 0.5.21
      which: 5.0.0
      ws: 8.19.0
    transitivePeerDependencies:
      - bufferutil
      - utf-8-validate

  source-map-support@0.5.21:
    dependencies:
      buffer-from: 1.1.2
      source-map: 0.6.1

  source-map@0.6.1: {}

  which@5.0.0:
    dependencies:
      isexe: 3.1.5

  ws@8.19.0: {}
